
Microsoft Visual Studio Solution File, Format Version 12.00
# Visual Studio Version 17
VisualStudioVersion = 17.4.33205.214
MinimumVisualStudioVersion = 10.0.40219.1
Project("{FAE04EC0-301F-11D3-BF4B-00C04F79EFBC}") = "labarator", "labarator.csproj", "{4C095749-B92B-4AFC-AC2F-AFDE1112327C}"
EndProject
Global
	GlobalSection(SolutionConfigurationPlatforms) = preSolution
		Debug|Any CPU = Debug|Any CPU
		Release|Any CPU = Release|Any CPU
	EndGlobalSection
	GlobalSection(ProjectConfigurationPlatforms) = postSolution
		{4C095749-B92B-4AFC-AC2F-AFDE1112327C}.Debug|Any CPU.ActiveCfg = Debug|Any CPU
		{4C095749-B92B-4AFC-AC2F-AFDE1112327C}.Debug|Any CPU.Build.0 = Debug|Any CPU
		{4C095749-B92B-4AFC-AC2F-AFDE1112327C}.Release|Any CPU.ActiveCfg = Release|Any CPU
		{4C095749-B92B-4AFC-AC2F-AFDE1112327C}.Release|Any CPU.Build.0 = Release|Any CPU
	EndGlobalSection
	GlobalSection(SolutionProperties) = preSolution
		HideSolutionNode = FALSE
	EndGlobalSection
	GlobalSection(ExtensibilityGlobals) = postSolution
		SolutionGuid = {510E4491-8221-43D2-B6E8-CB3A927F2666}
	EndGlobalSection
EndGlobal
